// !$*UTF8*$!
{
	archiveVersion = 1;
	classes = {
	};
	objectVersion = 50;
	objects = {

/* Begin PBXBuildFile section */
		4EF7B6ED23F50F0F0064983A /* AppDelegate.swift in Sources */ = {isa = PBXBuildFile; fileRef = 4EF7B6EC23F50F0F0064983A /* AppDelegate.swift */; };
		4EF7B6EF23F50F0F0064983A /* SceneDelegate.swift in Sources */ = {isa = PBXBuildFile; fileRef = 4EF7B6EE23F50F0F0064983A /* SceneDelegate.swift */; };
		4EF7B6F123F50F0F0064983A /* ViewController.swift in Sources */ = {isa = PBXBuildFile; fileRef = 4EF7B6F023F50F0F0064983A /* ViewController.swift */; };
		4EF7B6F423F50F0F0064983A /* Main.storyboard in Resources */ = {isa = PBXBuildFile; fileRef = 4EF7B6F223F50F0F0064983A /* Main.storyboard */; };
		4EF7B6F623F50F120064983A /* Assets.xcassets in Resources */ = {isa = PBXBuildFile; fileRef = 4EF7B6F523F50F120064983A /* Assets.xcassets */; };
		4EF7B6F923F50F120064983A /* LaunchScreen.storyboard in Resources */ = {isa = PBXBuildFile; fileRef = 4EF7B6F723F50F120064983A /* LaunchScreen.storyboard */; };
/* End PBXBuildFile section */

/* Begin PBXFileReference section */
		4EF7B6E923F50F0F0064983A /* ACP-SPM-integration.app */ = {isa = PBXFileReference; explicitFileType = wrapper.application; includeInIndex = 0; path = "ACP-SPM-integration.app"; sourceTree = BUILT_PRODUCTS_DIR; };
		4EF7B6EC23F50F0F0064983A /* AppDelegate.swift */ = {isa = PBXFileReference; lastKnownFileType = sourcecode.swift; path = AppDelegate.swift; sourceTree = "<group>"; };
		4EF7B6EE23F50F0F0064983A /* SceneDelegate.swift */ = {isa = PBXFileReference; lastKnownFileType = sourcecode.swift; path = SceneDelegate.swift; sourceTree = "<group>"; };
		4EF7B6F023F50F0F0064983A /* ViewController.swift */ = {isa = PBXFileReference; lastKnownFileType = sourcecode.swift; path = ViewController.swift; sourceTree = "<group>"; };
		4EF7B6F323F50F0F0064983A /* Base */ = {isa = PBXFileReference; lastKnownFileType = file.storyboard; name = Base; path = Base.lproj/Main.storyboard; sourceTree = "<group>"; };
		4EF7B6F523F50F120064983A /* Assets.xcassets */ = {isa = PBXFileReference; lastKnownFileType = folder.assetcatalog; path = Assets.xcassets; sourceTree = "<group>"; };
		4EF7B6F823F50F120064983A /* Base */ = {isa = PBXFileReference; lastKnownFileType = file.storyboard; name = Base; path = Base.lproj/LaunchScreen.storyboard; sourceTree = "<group>"; };
		4EF7B6FA23F50F120064983A /* Info.plist */ = {isa = PBXFileReference; lastKnownFileType = text.plist.xml; path = Info.plist; sourceTree = "<group>"; };
/* End PBXFileReference section */

/* Begin PBXFrameworksBuildPhase section */
		4EF7B6E623F50F0F0064983A /* Frameworks */ = {
			isa = PBXFrameworksBuildPhase;
			buildActionMask = 2147483647;
			files = (
			);
			runOnlyForDeploymentPostprocessing = 0;
		};
/* End PBXFrameworksBuildPhase section */

/* Begin PBXGroup section */
		4EF7B6E023F50F0F0064983A = {
			isa = PBXGroup;
			children = (
				4EF7B6EB23F50F0F0064983A /* ACP-SPM-integration */,
				4EF7B6EA23F50F0F0064983A /* Products */,
			);
			sourceTree = "<group>";
		};
		4EF7B6EA23F50F0F0064983A /* Products */ = {
			isa = PBXGroup;
			children = (
				4EF7B6E923F50F0F0064983A /* ACP-SPM-integration.app */,
			);
			name = Products;
			sourceTree = "<group>";
		};
		4EF7B6EB23F50F0F0064983A /* ACP-SPM-integration */ = {
			isa = PBXGroup;
			children = (
				4EF7B6EC23F50F0F0064983A /* AppDelegate.swift */,
				4EF7B6EE23F50F0F0064983A /* SceneDelegate.swift */,
				4EF7B6F023F50F0F0064983A /* ViewController.swift */,
				4EF7B6F223F50F0F0064983A /* Main.storyboard */,
				4EF7B6F523F50F120064983A /* Assets.xcassets */,
				4EF7B6F723F50F120064983A /* LaunchScreen.storyboard */,
				4EF7B6FA23F50F120064983A /* Info.plist */,
			);
			path = "ACP-SPM-integration";
			sourceTree = "<group>";
		};
/* End PBXGroup section */

/* Begin PBXNativeTarget section */
		4EF7B6E823F50F0F0064983A /* ACP-SPM-integration */ = {
			isa = PBXNativeTarget;
			buildConfigurationList = 4EF7B6FD23F50F120064983A /* Build configuration list for PBXNativeTarget "ACP-SPM-integration" */;
			buildPhases = (
				4EF7B6E523F50F0F0064983A /* Sources */,
				4EF7B6E623F50F0F0064983A /* Frameworks */,
				4EF7B6E723F50F0F0064983A /* Resources */,
			);
			buildRules = (
			);
			dependencies = (
			);
			name = "ACP-SPM-integration";
			productName = "ACP-SPM-integration";
			productReference = 4EF7B6E923F50F0F0064983A /* ACP-SPM-integration.app */;
			productType = "com.apple.product-type.application";
		};
/* End PBXNativeTarget section */

/* Begin PBXProject section */
		4EF7B6E123F50F0F0064983A /* Project object */ = {
			isa = PBXProject;
			attributes = {
				LastSwiftUpdateCheck = 1130;
				LastUpgradeCheck = 1130;
				ORGANIZATIONNAME = "Petr Korolev";
				TargetAttributes = {
					4EF7B6E823F50F0F0064983A = {
						CreatedOnToolsVersion = 11.3.1;
					};
				};
			};
			buildConfigurationList = 4EF7B6E423F50F0F0064983A /* Build configuration list for PBXProject "ACP-SPM-integration" */;
			compatibilityVersion = "Xcode 9.3";
			developmentRegion = en;
			hasScannedForEncodings = 0;
			knownRegions = (
				en,
				Base,
			);
			mainGroup = 4EF7B6E023F50F0F0064983A;
			productRefGroup = 4EF7B6EA23F50F0F0064983A /* Products */;
			projectDirPath = "";
			projectRoot = "";
			targets = (
				4EF7B6E823F50F0F0064983A /* ACP-SPM-integration */,
			);
		};
/* End PBXProject section */

/* Begin PBXResourcesBuildPhase section */
		4EF7B6E723F50F0F0064983A /* Resources */ = {
			isa = PBXResourcesBuildPhase;
			buildActionMask = 2147483647;
			files = (
				4EF7B6F923F50F120064983A /* LaunchScreen.storyboard in Resources */,
				4EF7B6F623F50F120064983A /* Assets.xcassets in Resources */,
				4EF7B6F423F50F0F0064983A /* Main.storyboard in Resources */,
			);
			runOnlyForDeploymentPostprocessing = 0;
		};
/* End PBXResourcesBuildPhase section */

/* Begin PBXSourcesBuildPhase section */
		4EF7B6E523F50F0F0064983A /* Sources */ = {
			isa = PBXSourcesBuildPhase;
			buildActionMask = 2147483647;
			files = (
				4EF7B6F123F50F0F0064983A /* ViewController.swift in Sources */,
				4EF7B6ED23F50F0F0064983A /* AppDelegate.swift in Sources */,
				4EF7B6EF23F50F0F0064983A /* SceneDelegate.swift in Sources */,
			);
			runOnlyForDeploymentPostprocessing = 0;
		};
/* End PBXSourcesBuildPhase section */

/* Begin PBXVariantGroup section */
		4EF7B6F223F50F0F0064983A /* Main.storyboard */ = {
			isa = PBXVariantGroup;
			children = (
				4EF7B6F323F50F0F0064983A /* Base */,
			);
			name = Main.storyboard;
			sourceTree = "<group>";
		};
		4EF7B6F723F50F120064983A /* LaunchScreen.storyboard */ = {
			isa = PBXVariantGroup;
			children = (
				4EF7B6F823F50F120064983A /* Base */,
			);
			name = LaunchScreen.storyboard;
			sourceTree = "<group>";
		};
/* End PBXVariantGroup section */

/* Begin XCBuildConfiguration section */
		4EF7B6FB23F50F120064983A /* Debug */ = {
			isa = XCBuildConfiguration;
			buildSettings = {
				ALWAYS_SEARCH_USER_PATHS = NO;
				CLANG_ANALYZER_NONNULL = YES;
				CLANG_ANALYZER_NUMBER_OBJECT_CONVERSION = YES_AGGRESSIVE;
				CLANG_CXX_LANGUAGE_STANDARD = "gnu++14";
				CLANG_CXX_LIBRARY = "libc++";
				CLANG_ENABLE_MODULES = YES;
				CLANG_ENABLE_OBJC_ARC = YES;
				CLANG_ENABLE_OBJC_WEAK = YES;
				CLANG_WARN_BLOCK_CAPTURE_AUTORELEASING = YES;
				CLANG_WARN_BOOL_CONVERSION = YES;
				CLANG_WARN_COMMA = YES;
				CLANG_WARN_CONSTANT_CONVERSION = YES;
				CLANG_WARN_DEPRECATED_OBJC_IMPLEMENTATIONS = YES;
				CLANG_WARN_DIRECT_OBJC_ISA_USAGE = YES_ERROR;
				CLANG_WARN_DOCUMENTATION_COMMENTS = YES;
				CLANG_WARN_EMPTY_BODY = YES;
				CLANG_WARN_ENUM_CONVERSION = YES;
				CLANG_WARN_INFINITE_RECURSION = YES;
				CLANG_WARN_INT_CONVERSION = YES;
				CLANG_WARN_NON_LITERAL_NULL_CONVERSION = YES;
				CLANG_WARN_OBJC_IMPLICIT_RETAIN_SELF = YES;
				CLANG_WARN_OBJC_LITERAL_CONVERSION = YES;
				CLANG_WARN_OBJC_ROOT_CLASS = YES_ERROR;
				CLANG_WARN_RANGE_LOOP_ANALYSIS = YES;
				CLANG_WARN_STRICT_PROTOTYPES = YES;
				CLANG_WARN_SUSPICIOUS_MOVE = YES;
				CLANG_WARN_UNGUARDED_AVAILABILITY = YES_AGGRESSIVE;
				CLANG_WARN_UNREACHABLE_CODE = YES;
				CLANG_WARN__DUPLICATE_METHOD_MATCH = YES;
				COPY_PHASE_STRIP = NO;
				DEBUG_INFORMATION_FORMAT = dwarf;
				ENABLE_STRICT_OBJC_MSGSEND = YES;
				ENABLE_TESTABILITY = YES;
				GCC_C_LANGUAGE_STANDARD = gnu11;
				GCC_DYNAMIC_NO_PIC = NO;
				GCC_NO_COMMON_BLOCKS = YES;
				GCC_OPTIMIZATION_LEVEL = 0;
				GCC_PREPROCESSOR_DEFINITIONS = (
					"DEBUG=1",
					"$(inherited)",
				);
				GCC_WARN_64_TO_32_BIT_CONVERSION = YES;
				GCC_WARN_ABOUT_RETURN_TYPE = YES_ERROR;
				GCC_WARN_UNDECLARED_SELECTOR = YES;
				GCC_WARN_UNINITIALIZED_AUTOS = YES_AGGRESSIVE;
				GCC_WARN_UNUSED_FUNCTION = YES;
				GCC_WARN_UNUSED_VARIABLE = YES;
				IPHONEOS_DEPLOYMENT_TARGET = 13.2;
				MTL_ENABLE_DEBUG_INFO = INCLUDE_SOURCE;
				MTL_FAST_MATH = YES;
				ONLY_ACTIVE_ARCH = YES;
				SDKROOT = iphoneos;
				SWIFT_ACTIVE_COMPILATION_CONDITIONS = DEBUG;
				SWIFT_OPTIMIZATION_LEVEL = "-Onone";
			};
			name = Debug;
		};
		4EF7B6FC23F50F120064983A /* Release */ = {
			isa = XCBuildConfiguration;
			buildSettings = {
				ALWAYS_SEARCH_USER_PATHS = NO;
				CLANG_ANALYZER_NONNULL = YES;
				CLANG_ANALYZER_NUMBER_OBJECT_CONVERSION = YES_AGGRESSIVE;
				CLANG_CXX_LANGUAGE_STANDARD = "gnu++14";
				CLANG_CXX_LIBRARY = "libc++";
				CLANG_ENABLE_MODULES = YES;
				CLANG_ENABLE_OBJC_ARC = YES;
				CLANG_ENABLE_OBJC_WEAK = YES;
				CLANG_WARN_BLOCK_CAPTURE_AUTORELEASING = YES;
				CLANG_WARN_BOOL_CONVERSION = YES;
				CLANG_WARN_COMMA = YES;
				CLANG_WARN_CONSTANT_CONVERSION = YES;
				CLANG_WARN_DEPRECATED_OBJC_IMPLEMENTATIONS = YES;
				CLANG_WARN_DIRECT_OBJC_ISA_USAGE = YES_ERROR;
				CLANG_WARN_DOCUMENTATION_COMMENTS = YES;
				CLANG_WARN_EMPTY_BODY = YES;
				CLANG_WARN_ENUM_CONVERSION = YES;
				CLANG_WARN_INFINITE_RECURSION = YES;
				CLANG_WARN_INT_CONVERSION = YES;
				CLANG_WARN_NON_LITERAL_NULL_CONVERSION = YES;
				CLANG_WARN_OBJC_IMPLICIT_RETAIN_SELF = YES;
				CLANG_WARN_OBJC_LITERAL_CONVERSION = YES;
				CLANG_WARN_OBJC_ROOT_CLASS = YES_ERROR;
				CLANG_WARN_RANGE_LOOP_ANALYSIS = YES;
				CLANG_WARN_STRICT_PROTOTYPES = YES;
				CLANG_WARN_SUSPICIOUS_MOVE = YES;
				CLANG_WARN_UNGUARDED_AVAILABILITY = YES_AGGRESSIVE;
				CLANG_WARN_UNREACHABLE_CODE = YES;
				CLANG_WARN__DUPLICATE_METHOD_MATCH = YES;
				COPY_PHASE_STRIP = NO;
				DEBUG_INFORMATION_FORMAT = "dwarf-with-dsym";
				ENABLE_NS_ASSERTIONS = NO;
				ENABLE_STRICT_OBJC_MSGSEND = YES;
				GCC_C_LANGUAGE_STANDARD = gnu11;
				GCC_NO_COMMON_BLOCKS = YES;
				GCC_WARN_64_TO_32_BIT_CONVERSION = YES;
				GCC_WARN_ABOUT_RETURN_TYPE = YES_ERROR;
				GCC_WARN_UNDECLARED_SELECTOR = YES;
				GCC_WARN_UNINITIALIZED_AUTOS = YES_AGGRESSIVE;
				GCC_WARN_UNUSED_FUNCTION = YES;
				GCC_WARN_UNUSED_VARIABLE = YES;
				IPHONEOS_DEPLOYMENT_TARGET = 13.2;
				MTL_ENABLE_DEBUG_INFO = NO;
				MTL_FAST_MATH = YES;
				SDKROOT = iphoneos;
				SWIFT_COMPILATION_MODE = wholemodule;
				SWIFT_OPTIMIZATION_LEVEL = "-O";
				VALIDATE_PRODUCT = YES;
			};
			name = Release;
		};
		4EF7B6FE23F50F120064983A /* Debug */ = {
			isa = XCBuildConfiguration;
			buildSettings = {
				ASSETCATALOG_COMPILER_APPICON_NAME = AppIcon;
				CODE_SIGN_STYLE = Automatic;
				INFOPLIST_FILE = "ACP-SPM-integration/Info.plist";
				LD_RUNPATH_SEARCH_PATHS = (
					"$(inherited)",
					"@executable_path/Frameworks",
				);
				PRODUCT_BUNDLE_IDENTIFIER = "SW.ACP-SPM-integration";
				PRODUCT_NAME = "$(TARGET_NAME)";
				SWIFT_VERSION = 5.0;
				TARGETED_DEVICE_FAMILY = "1,2";
			};
			name = Debug;
		};
		4EF7B6FF23F50F120064983A /* Release */ = {
			isa = XCBuildConfiguration;
			buildSettings = {
				ASSETCATALOG_COMPILER_APPICON_NAME = AppIcon;
				CODE_SIGN_STYLE = Automatic;
				INFOPLIST_FILE = "ACP-SPM-integration/Info.plist";
				LD_RUNPATH_SEARCH_PATHS = (
					"$(inherited)",
					"@executable_path/Frameworks",
				);
				PRODUCT_BUNDLE_IDENTIFIER = "SW.ACP-SPM-integration";
				PRODUCT_NAME = "$(TARGET_NAME)";
				SWIFT_VERSION = 5.0;
				TARGETED_DEVICE_FAMILY = "1,2";
			};
			name = Release;
		};
/* End XCBuildConfiguration section */

/* Begin XCConfigurationList section */
		4EF7B6E423F50F0F0064983A /* Build configuration list for PBXProject "ACP-SPM-integration" */ = {
			isa = XCConfigurationList;
			buildConfigurations = (
				4EF7B6FB23F50F120064983A /* Debug */,
				4EF7B6FC23F50F120064983A /* Release */,
			);
			defaultConfigurationIsVisible = 0;
			defaultConfigurationName = Release;
		};
		4EF7B6FD23F50F120064983A /* Build configuration list for PBXNativeTarget "ACP-SPM-integration" */ = {
			isa = XCConfigurationList;
			buildConfigurations = (
				4EF7B6FE23F50F120064983A /* Debug */,
				4EF7B6FF23F50F120064983A /* Release */,
			);
			defaultConfigurationIsVisible = 0;
			defaultConfigurationName = Release;
		};
/* End XCConfigurationList section */
	};
	rootObject = 4EF7B6E123F50F0F0064983A /* Project object */;
}
