// !$*UTF8*$!
{
	archiveVersion = 1;
	classes = {
	};
	objectVersion = 46;
	objects = {

/* Begin PBXBuildFile section */
		1C243EE819CC5AE0000EE6A6 /* AppDelegate.swift in Sources */ = {isa = PBXBuildFile; fileRef = 1C243EE719CC5AE0000EE6A6 /* AppDelegate.swift */; };
		1C243EEA19CC5AE0000EE6A6 /* ViewController.swift in Sources */ = {isa = PBXBuildFile; fileRef = 1C243EE919CC5AE0000EE6A6 /* ViewController.swift */; };
		1C243EED19CC5AE0000EE6A6 /* Main.storyboard in Resources */ = {isa = PBXBuildFile; fileRef = 1C243EEB19CC5AE0000EE6A6 /* Main.storyboard */; };
		1C243EEF19CC5AE0000EE6A6 /* Images.xcassets in Resources */ = {isa = PBXBuildFile; fileRef = 1C243EEE19CC5AE0000EE6A6 /* Images.xcassets */; };
		1C243EF219CC5AE0000EE6A6 /* LaunchScreen.xib in Resources */ = {isa = PBXBuildFile; fileRef = 1C243EF019CC5AE0000EE6A6 /* LaunchScreen.xib */; };
		1C243EFE19CC5AE0000EE6A6 /* Swift_ExampleTests.swift in Sources */ = {isa = PBXBuildFile; fileRef = 1C243EFD19CC5AE0000EE6A6 /* Swift_ExampleTests.swift */; };
		1C243F0E19CC67AE000EE6A6 /* SWTableViewController.swift in Sources */ = {isa = PBXBuildFile; fileRef = 1C243F0D19CC67AE000EE6A6 /* SWTableViewController.swift */; };
		D66F50166DE8271D3C2AE29D /* CoreActionSheetPicker.framework in Frameworks */ = {isa = PBXBuildFile; fileRef = D66F50812999420D1626411A /* CoreActionSheetPicker.framework */; };
/* End PBXBuildFile section */

/* Begin PBXContainerItemProxy section */
		1C243EF819CC5AE0000EE6A6 /* PBXContainerItemProxy */ = {
			isa = PBXContainerItemProxy;
			containerPortal = 1C243EDA19CC5AE0000EE6A6 /* Project object */;
			proxyType = 1;
			remoteGlobalIDString = 1C243EE119CC5AE0000EE6A6;
			remoteInfo = "Swift-Example";
		};
/* End PBXContainerItemProxy section */

/* Begin PBXFileReference section */
		1C243EE219CC5AE0000EE6A6 /* Swift-Example.app */ = {isa = PBXFileReference; explicitFileType = wrapper.application; includeInIndex = 0; path = "Swift-Example.app"; sourceTree = BUILT_PRODUCTS_DIR; };
		1C243EE619CC5AE0000EE6A6 /* Info.plist */ = {isa = PBXFileReference; lastKnownFileType = text.plist.xml; path = Info.plist; sourceTree = "<group>"; };
		1C243EE719CC5AE0000EE6A6 /* AppDelegate.swift */ = {isa = PBXFileReference; lastKnownFileType = sourcecode.swift; path = AppDelegate.swift; sourceTree = "<group>"; };
		1C243EE919CC5AE0000EE6A6 /* ViewController.swift */ = {isa = PBXFileReference; lastKnownFileType = sourcecode.swift; path = ViewController.swift; sourceTree = "<group>"; };
		1C243EEC19CC5AE0000EE6A6 /* Base */ = {isa = PBXFileReference; lastKnownFileType = file.storyboard; name = Base; path = Base.lproj/Main.storyboard; sourceTree = "<group>"; };
		1C243EEE19CC5AE0000EE6A6 /* Images.xcassets */ = {isa = PBXFileReference; lastKnownFileType = folder.assetcatalog; path = Images.xcassets; sourceTree = "<group>"; };
		1C243EF119CC5AE0000EE6A6 /* Base */ = {isa = PBXFileReference; lastKnownFileType = file.xib; name = Base; path = Base.lproj/LaunchScreen.xib; sourceTree = "<group>"; };
		1C243EF719CC5AE0000EE6A6 /* Swift-ExampleTests.xctest */ = {isa = PBXFileReference; explicitFileType = wrapper.cfbundle; includeInIndex = 0; path = "Swift-ExampleTests.xctest"; sourceTree = BUILT_PRODUCTS_DIR; };
		1C243EFC19CC5AE0000EE6A6 /* Info.plist */ = {isa = PBXFileReference; lastKnownFileType = text.plist.xml; path = Info.plist; sourceTree = "<group>"; };
		1C243EFD19CC5AE0000EE6A6 /* Swift_ExampleTests.swift */ = {isa = PBXFileReference; lastKnownFileType = sourcecode.swift; path = Swift_ExampleTests.swift; sourceTree = "<group>"; };
		1C243F0D19CC67AE000EE6A6 /* SWTableViewController.swift */ = {isa = PBXFileReference; fileEncoding = 4; lastKnownFileType = sourcecode.swift; path = SWTableViewController.swift; sourceTree = "<group>"; };
		D66F50812999420D1626411A /* CoreActionSheetPicker.framework */ = {isa = PBXFileReference; lastKnownFileType = wrapper.framework; name = CoreActionSheetPicker.framework; path = "../CoreActionSheetPicker/CoreActionSheetPicker/build/Debug-iphoneos/CoreActionSheetPicker.framework"; sourceTree = "<group>"; };
/* End PBXFileReference section */

/* Begin PBXFrameworksBuildPhase section */
		1C243EDF19CC5AE0000EE6A6 /* Frameworks */ = {
			isa = PBXFrameworksBuildPhase;
			buildActionMask = 2147483647;
			files = (
				D66F50166DE8271D3C2AE29D /* CoreActionSheetPicker.framework in Frameworks */,
			);
			runOnlyForDeploymentPostprocessing = 0;
		};
		1C243EF419CC5AE0000EE6A6 /* Frameworks */ = {
			isa = PBXFrameworksBuildPhase;
			buildActionMask = 2147483647;
			files = (
			);
			runOnlyForDeploymentPostprocessing = 0;
		};
/* End PBXFrameworksBuildPhase section */

/* Begin PBXGroup section */
		1C243ED919CC5AE0000EE6A6 = {
			isa = PBXGroup;
			children = (
				1C243EE419CC5AE0000EE6A6 /* Swift-Example */,
				1C243EFA19CC5AE0000EE6A6 /* Swift-ExampleTests */,
				1C243EE319CC5AE0000EE6A6 /* Products */,
				D66F5025FE1F1ECC58FAF7AF /* Frameworks */,
			);
			sourceTree = "<group>";
		};
		1C243EE319CC5AE0000EE6A6 /* Products */ = {
			isa = PBXGroup;
			children = (
				1C243EE219CC5AE0000EE6A6 /* Swift-Example.app */,
				1C243EF719CC5AE0000EE6A6 /* Swift-ExampleTests.xctest */,
			);
			name = Products;
			sourceTree = "<group>";
		};
		1C243EE419CC5AE0000EE6A6 /* Swift-Example */ = {
			isa = PBXGroup;
			children = (
				1C243EE719CC5AE0000EE6A6 /* AppDelegate.swift */,
				1C243EE919CC5AE0000EE6A6 /* ViewController.swift */,
				1C243F0C19CC67AE000EE6A6 /* ViewControllers */,
				1C243EEB19CC5AE0000EE6A6 /* Main.storyboard */,
				1C243EEE19CC5AE0000EE6A6 /* Images.xcassets */,
				1C243EF019CC5AE0000EE6A6 /* LaunchScreen.xib */,
				1C243EE519CC5AE0000EE6A6 /* Supporting Files */,
			);
			path = "Swift-Example";
			sourceTree = "<group>";
		};
		1C243EE519CC5AE0000EE6A6 /* Supporting Files */ = {
			isa = PBXGroup;
			children = (
				1C243EE619CC5AE0000EE6A6 /* Info.plist */,
			);
			name = "Supporting Files";
			sourceTree = "<group>";
		};
		1C243EFA19CC5AE0000EE6A6 /* Swift-ExampleTests */ = {
			isa = PBXGroup;
			children = (
				1C243EFD19CC5AE0000EE6A6 /* Swift_ExampleTests.swift */,
				1C243EFB19CC5AE0000EE6A6 /* Supporting Files */,
			);
			path = "Swift-ExampleTests";
			sourceTree = "<group>";
		};
		1C243EFB19CC5AE0000EE6A6 /* Supporting Files */ = {
			isa = PBXGroup;
			children = (
				1C243EFC19CC5AE0000EE6A6 /* Info.plist */,
			);
			name = "Supporting Files";
			sourceTree = "<group>";
		};
		1C243F0C19CC67AE000EE6A6 /* ViewControllers */ = {
			isa = PBXGroup;
			children = (
				1C243F0D19CC67AE000EE6A6 /* SWTableViewController.swift */,
			);
			path = ViewControllers;
			sourceTree = "<group>";
		};
		D66F5025FE1F1ECC58FAF7AF /* Frameworks */ = {
			isa = PBXGroup;
			children = (
				D66F50812999420D1626411A /* CoreActionSheetPicker.framework */,
			);
			name = Frameworks;
			sourceTree = "<group>";
		};
/* End PBXGroup section */

/* Begin PBXNativeTarget section */
		1C243EE119CC5AE0000EE6A6 /* Swift-Example */ = {
			isa = PBXNativeTarget;
			buildConfigurationList = 1C243F0119CC5AE0000EE6A6 /* Build configuration list for PBXNativeTarget "Swift-Example" */;
			buildPhases = (
				1C243EDE19CC5AE0000EE6A6 /* Sources */,
				1C243EDF19CC5AE0000EE6A6 /* Frameworks */,
				1C243EE019CC5AE0000EE6A6 /* Resources */,
			);
			buildRules = (
			);
			dependencies = (
			);
			name = "Swift-Example";
			productName = "Swift-Example";
			productReference = 1C243EE219CC5AE0000EE6A6 /* Swift-Example.app */;
			productType = "com.apple.product-type.application";
		};
		1C243EF619CC5AE0000EE6A6 /* Swift-ExampleTests */ = {
			isa = PBXNativeTarget;
			buildConfigurationList = 1C243F0419CC5AE0000EE6A6 /* Build configuration list for PBXNativeTarget "Swift-ExampleTests" */;
			buildPhases = (
				1C243EF319CC5AE0000EE6A6 /* Sources */,
				1C243EF419CC5AE0000EE6A6 /* Frameworks */,
				1C243EF519CC5AE0000EE6A6 /* Resources */,
			);
			buildRules = (
			);
			dependencies = (
				1C243EF919CC5AE0000EE6A6 /* PBXTargetDependency */,
			);
			name = "Swift-ExampleTests";
			productName = "Swift-ExampleTests";
			productReference = 1C243EF719CC5AE0000EE6A6 /* Swift-ExampleTests.xctest */;
			productType = "com.apple.product-type.bundle.unit-test";
		};
/* End PBXNativeTarget section */

/* Begin PBXProject section */
		1C243EDA19CC5AE0000EE6A6 /* Project object */ = {
			isa = PBXProject;
			attributes = {
				LastUpgradeCheck = 0600;
				ORGANIZATIONNAME = "Petr Korolev";
				TargetAttributes = {
					1C243EE119CC5AE0000EE6A6 = {
						CreatedOnToolsVersion = 6.0.1;
					};
					1C243EF619CC5AE0000EE6A6 = {
						CreatedOnToolsVersion = 6.0.1;
						TestTargetID = 1C243EE119CC5AE0000EE6A6;
					};
				};
			};
			buildConfigurationList = 1C243EDD19CC5AE0000EE6A6 /* Build configuration list for PBXProject "Swift-Example" */;
			compatibilityVersion = "Xcode 3.2";
			developmentRegion = English;
			hasScannedForEncodings = 0;
			knownRegions = (
				en,
				Base,
			);
			mainGroup = 1C243ED919CC5AE0000EE6A6;
			productRefGroup = 1C243EE319CC5AE0000EE6A6 /* Products */;
			projectDirPath = "";
			projectRoot = "";
			targets = (
				1C243EE119CC5AE0000EE6A6 /* Swift-Example */,
				1C243EF619CC5AE0000EE6A6 /* Swift-ExampleTests */,
			);
		};
/* End PBXProject section */

/* Begin PBXResourcesBuildPhase section */
		1C243EE019CC5AE0000EE6A6 /* Resources */ = {
			isa = PBXResourcesBuildPhase;
			buildActionMask = 2147483647;
			files = (
				1C243EED19CC5AE0000EE6A6 /* Main.storyboard in Resources */,
				1C243EF219CC5AE0000EE6A6 /* LaunchScreen.xib in Resources */,
				1C243EEF19CC5AE0000EE6A6 /* Images.xcassets in Resources */,
			);
			runOnlyForDeploymentPostprocessing = 0;
		};
		1C243EF519CC5AE0000EE6A6 /* Resources */ = {
			isa = PBXResourcesBuildPhase;
			buildActionMask = 2147483647;
			files = (
			);
			runOnlyForDeploymentPostprocessing = 0;
		};
/* End PBXResourcesBuildPhase section */

/* Begin PBXSourcesBuildPhase section */
		1C243EDE19CC5AE0000EE6A6 /* Sources */ = {
			isa = PBXSourcesBuildPhase;
			buildActionMask = 2147483647;
			files = (
				1C243EEA19CC5AE0000EE6A6 /* ViewController.swift in Sources */,
				1C243EE819CC5AE0000EE6A6 /* AppDelegate.swift in Sources */,
				1C243F0E19CC67AE000EE6A6 /* SWTableViewController.swift in Sources */,
			);
			runOnlyForDeploymentPostprocessing = 0;
		};
		1C243EF319CC5AE0000EE6A6 /* Sources */ = {
			isa = PBXSourcesBuildPhase;
			buildActionMask = 2147483647;
			files = (
				1C243EFE19CC5AE0000EE6A6 /* Swift_ExampleTests.swift in Sources */,
			);
			runOnlyForDeploymentPostprocessing = 0;
		};
/* End PBXSourcesBuildPhase section */

/* Begin PBXTargetDependency section */
		1C243EF919CC5AE0000EE6A6 /* PBXTargetDependency */ = {
			isa = PBXTargetDependency;
			target = 1C243EE119CC5AE0000EE6A6 /* Swift-Example */;
			targetProxy = 1C243EF819CC5AE0000EE6A6 /* PBXContainerItemProxy */;
		};
/* End PBXTargetDependency section */

/* Begin PBXVariantGroup section */
		1C243EEB19CC5AE0000EE6A6 /* Main.storyboard */ = {
			isa = PBXVariantGroup;
			children = (
				1C243EEC19CC5AE0000EE6A6 /* Base */,
			);
			name = Main.storyboard;
			sourceTree = "<group>";
		};
		1C243EF019CC5AE0000EE6A6 /* LaunchScreen.xib */ = {
			isa = PBXVariantGroup;
			children = (
				1C243EF119CC5AE0000EE6A6 /* Base */,
			);
			name = LaunchScreen.xib;
			sourceTree = "<group>";
		};
/* End PBXVariantGroup section */

/* Begin XCBuildConfiguration section */
		1C243EFF19CC5AE0000EE6A6 /* Debug */ = {
			isa = XCBuildConfiguration;
			buildSettings = {
				ALWAYS_SEARCH_USER_PATHS = NO;
				CLANG_CXX_LANGUAGE_STANDARD = "gnu++0x";
				CLANG_CXX_LIBRARY = "libc++";
				CLANG_ENABLE_MODULES = YES;
				CLANG_ENABLE_OBJC_ARC = YES;
				CLANG_WARN_BOOL_CONVERSION = YES;
				CLANG_WARN_CONSTANT_CONVERSION = YES;
				CLANG_WARN_DIRECT_OBJC_ISA_USAGE = YES_ERROR;
				CLANG_WARN_EMPTY_BODY = YES;
				CLANG_WARN_ENUM_CONVERSION = YES;
				CLANG_WARN_INT_CONVERSION = YES;
				CLANG_WARN_OBJC_ROOT_CLASS = YES_ERROR;
				CLANG_WARN_UNREACHABLE_CODE = YES;
				CLANG_WARN__DUPLICATE_METHOD_MATCH = YES;
				"CODE_SIGN_IDENTITY[sdk=iphoneos*]" = "iPhone Developer";
				COPY_PHASE_STRIP = NO;
				ENABLE_STRICT_OBJC_MSGSEND = YES;
				GCC_C_LANGUAGE_STANDARD = gnu99;
				GCC_DYNAMIC_NO_PIC = NO;
				GCC_OPTIMIZATION_LEVEL = 0;
				GCC_PREPROCESSOR_DEFINITIONS = (
					"DEBUG=1",
					"$(inherited)",
				);
				GCC_SYMBOLS_PRIVATE_EXTERN = NO;
				GCC_WARN_64_TO_32_BIT_CONVERSION = YES;
				GCC_WARN_ABOUT_RETURN_TYPE = YES_ERROR;
				GCC_WARN_UNDECLARED_SELECTOR = YES;
				GCC_WARN_UNINITIALIZED_AUTOS = YES_AGGRESSIVE;
				GCC_WARN_UNUSED_FUNCTION = YES;
				GCC_WARN_UNUSED_VARIABLE = YES;
				IPHONEOS_DEPLOYMENT_TARGET = 8.0;
				MTL_ENABLE_DEBUG_INFO = YES;
				ONLY_ACTIVE_ARCH = YES;
				SDKROOT = iphoneos;
				SWIFT_OPTIMIZATION_LEVEL = "-Onone";
				TARGETED_DEVICE_FAMILY = "1,2";
			};
			name = Debug;
		};
		1C243F0019CC5AE0000EE6A6 /* Release */ = {
			isa = XCBuildConfiguration;
			buildSettings = {
				ALWAYS_SEARCH_USER_PATHS = NO;
				CLANG_CXX_LANGUAGE_STANDARD = "gnu++0x";
				CLANG_CXX_LIBRARY = "libc++";
				CLANG_ENABLE_MODULES = YES;
				CLANG_ENABLE_OBJC_ARC = YES;
				CLANG_WARN_BOOL_CONVERSION = YES;
				CLANG_WARN_CONSTANT_CONVERSION = YES;
				CLANG_WARN_DIRECT_OBJC_ISA_USAGE = YES_ERROR;
				CLANG_WARN_EMPTY_BODY = YES;
				CLANG_WARN_ENUM_CONVERSION = YES;
				CLANG_WARN_INT_CONVERSION = YES;
				CLANG_WARN_OBJC_ROOT_CLASS = YES_ERROR;
				CLANG_WARN_UNREACHABLE_CODE = YES;
				CLANG_WARN__DUPLICATE_METHOD_MATCH = YES;
				"CODE_SIGN_IDENTITY[sdk=iphoneos*]" = "iPhone Developer";
				COPY_PHASE_STRIP = YES;
				ENABLE_NS_ASSERTIONS = NO;
				ENABLE_STRICT_OBJC_MSGSEND = YES;
				GCC_C_LANGUAGE_STANDARD = gnu99;
				GCC_WARN_64_TO_32_BIT_CONVERSION = YES;
				GCC_WARN_ABOUT_RETURN_TYPE = YES_ERROR;
				GCC_WARN_UNDECLARED_SELECTOR = YES;
				GCC_WARN_UNINITIALIZED_AUTOS = YES_AGGRESSIVE;
				GCC_WARN_UNUSED_FUNCTION = YES;
				GCC_WARN_UNUSED_VARIABLE = YES;
				IPHONEOS_DEPLOYMENT_TARGET = 8.0;
				MTL_ENABLE_DEBUG_INFO = NO;
				SDKROOT = iphoneos;
				TARGETED_DEVICE_FAMILY = "1,2";
				VALIDATE_PRODUCT = YES;
			};
			name = Release;
		};
		1C243F0219CC5AE0000EE6A6 /* Debug */ = {
			isa = XCBuildConfiguration;
			buildSettings = {
				ASSETCATALOG_COMPILER_APPICON_NAME = AppIcon;
				ASSETCATALOG_COMPILER_LAUNCHIMAGE_NAME = LaunchImage;
				FRAMEWORK_SEARCH_PATHS = (
					"$(inherited)",
					"/Users/petrkorolev/repo/ActionSheetPicker-3.0/CoreActionSheetPicker/CoreActionSheetPicker/build/Debug-iphoneos",
				);
				INFOPLIST_FILE = "Swift-Example/Info.plist";
				IPHONEOS_DEPLOYMENT_TARGET = 7.0;
				LD_RUNPATH_SEARCH_PATHS = "$(inherited) @executable_path/Frameworks";
				PRODUCT_NAME = "$(TARGET_NAME)";
			};
			name = Debug;
		};
		1C243F0319CC5AE0000EE6A6 /* Release */ = {
			isa = XCBuildConfiguration;
			buildSettings = {
				ASSETCATALOG_COMPILER_APPICON_NAME = AppIcon;
				ASSETCATALOG_COMPILER_LAUNCHIMAGE_NAME = LaunchImage;
				FRAMEWORK_SEARCH_PATHS = (
					"$(inherited)",
					"/Users/petrkorolev/repo/ActionSheetPicker-3.0/CoreActionSheetPicker/CoreActionSheetPicker/build/Debug-iphoneos",
				);
				INFOPLIST_FILE = "Swift-Example/Info.plist";
				IPHONEOS_DEPLOYMENT_TARGET = 7.0;
				LD_RUNPATH_SEARCH_PATHS = "$(inherited) @executable_path/Frameworks";
				PRODUCT_NAME = "$(TARGET_NAME)";
			};
			name = Release;
		};
		1C243F0519CC5AE0000EE6A6 /* Debug */ = {
			isa = XCBuildConfiguration;
			buildSettings = {
				BUNDLE_LOADER = "$(TEST_HOST)";
				FRAMEWORK_SEARCH_PATHS = (
					"$(SDKROOT)/Developer/Library/Frameworks",
					"$(inherited)",
				);
				GCC_PREPROCESSOR_DEFINITIONS = (
					"DEBUG=1",
					"$(inherited)",
				);
				INFOPLIST_FILE = "Swift-ExampleTests/Info.plist";
				LD_RUNPATH_SEARCH_PATHS = "$(inherited) @executable_path/Frameworks @loader_path/Frameworks";
				PRODUCT_NAME = "$(TARGET_NAME)";
				TEST_HOST = "$(BUILT_PRODUCTS_DIR)/Swift-Example.app/Swift-Example";
			};
			name = Debug;
		};
		1C243F0619CC5AE0000EE6A6 /* Release */ = {
			isa = XCBuildConfiguration;
			buildSettings = {
				BUNDLE_LOADER = "$(TEST_HOST)";
				FRAMEWORK_SEARCH_PATHS = (
					"$(SDKROOT)/Developer/Library/Frameworks",
					"$(inherited)",
				);
				INFOPLIST_FILE = "Swift-ExampleTests/Info.plist";
				LD_RUNPATH_SEARCH_PATHS = "$(inherited) @executable_path/Frameworks @loader_path/Frameworks";
				PRODUCT_NAME = "$(TARGET_NAME)";
				TEST_HOST = "$(BUILT_PRODUCTS_DIR)/Swift-Example.app/Swift-Example";
			};
			name = Release;
		};
/* End XCBuildConfiguration section */

/* Begin XCConfigurationList section */
		1C243EDD19CC5AE0000EE6A6 /* Build configuration list for PBXProject "Swift-Example" */ = {
			isa = XCConfigurationList;
			buildConfigurations = (
				1C243EFF19CC5AE0000EE6A6 /* Debug */,
				1C243F0019CC5AE0000EE6A6 /* Release */,
			);
			defaultConfigurationIsVisible = 0;
			defaultConfigurationName = Release;
		};
		1C243F0119CC5AE0000EE6A6 /* Build configuration list for PBXNativeTarget "Swift-Example" */ = {
			isa = XCConfigurationList;
			buildConfigurations = (
				1C243F0219CC5AE0000EE6A6 /* Debug */,
				1C243F0319CC5AE0000EE6A6 /* Release */,
			);
			defaultConfigurationIsVisible = 0;
			defaultConfigurationName = Release;
		};
		1C243F0419CC5AE0000EE6A6 /* Build configuration list for PBXNativeTarget "Swift-ExampleTests" */ = {
			isa = XCConfigurationList;
			buildConfigurations = (
				1C243F0519CC5AE0000EE6A6 /* Debug */,
				1C243F0619CC5AE0000EE6A6 /* Release */,
			);
			defaultConfigurationIsVisible = 0;
			defaultConfigurationName = Release;
		};
/* End XCConfigurationList section */
	};
	rootObject = 1C243EDA19CC5AE0000EE6A6 /* Project object */;
}
