<?xml version="1.0" encoding="UTF-8"?>
<Scheme
   version = "1.3">
   <BuildAction>
      <BuildActionEntries>
         <BuildActionEntry
            buildForRunning = "YES">
            <BuildableReference
               BuildableIdentifier = "primary"
               BlueprintIdentifier = "1C243EE119CC5AE0000EE6A6"
               BuildableName = "Swift-Example.app"
               BlueprintName = "Swift-Example"
               ReferencedContainer = "container:Swift-Example.xcodeproj">
            </BuildableReference>
         </BuildActionEntry>
      </BuildActionEntries>
   </BuildAction>
   <LaunchAction
      useCustomWorkingDirectory = "NO"
      buildConfiguration = "Debug">
      <BuildableProductRunnable>
         <BuildableReference
            BuildableIdentifier = "primary"
            BlueprintIdentifier = "1C243EE119CC5AE0000EE6A6"
            BuildableName = "Swift-Example.app"
            BlueprintName = "Swift-Example"
            ReferencedContainer = "container:Swift-Example.xcodeproj">
         </BuildableReference>
      </BuildableProductRunnable>
   </LaunchAction>
</Scheme>
